# THIS IS AN AUTOGENERATED FILE. DO NOT EDIT THIS FILE DIRECTLY.
# yarn lockfile v1


"@types/node@^10.0.0":
  version "10.17.55"
  resolved "https://registry.yarnpkg.com/@types/node/-/node-10.17.55.tgz#a147f282edec679b894d4694edb5abeb595fecbd"
  integrity sha512-koZJ89uLZufDvToeWO5BrC4CR4OUfHnUz2qoPs/daQH6qq3IN62QFxCTZ+bKaCE0xaoCAJYE4AXre8AbghCrhg==

ether-frame@^0.2.0:
  version "0.2.0"
  resolved "https://registry.yarnpkg.com/ether-frame/-/ether-frame-0.2.0.tgz#624984d4496ec0fb83462391256e576c8cd1234a"
  integrity sha1-YkmE1EluwPuDRiORJW5XbIzRI0o=
  dependencies:
    mac-address "~0.3.0"

mac-address@~0.3.0:
  version "0.3.0"
  resolved "https://registry.yarnpkg.com/mac-address/-/mac-address-0.3.0.tgz#48c5049c7d42184361de6790540014ea81bc2c51"
  integrity sha1-SMUEnH1CGENh3meQVAAU6oG8LFE=

minimist@^1.2.5:
  version "1.2.5"
  resolved "https://registry.yarnpkg.com/minimist/-/minimist-1.2.5.tgz#67d66014b66a6a8aaa0c083c5fd58df4e4e97602"
  integrity sha512-FM9nNUYrRBAELZQT3xeZQ7fmMOBg6nWNmJKTcgsJeaLstP/UODVpGsr5OhXhhXg6f+qtJ8uiZ+PUxkDWcgIXLw==

nan@^2.14.0:
  version "2.14.2"
  resolved "https://registry.yarnpkg.com/nan/-/nan-2.14.2.tgz#f5376400695168f4cc694ac9393d0c9585eeea19"
  integrity sha512-M2ufzIiINKCuDfBSAUr1vWQ+vuVcA9kqx8JJUsbQi6yf1uGRyb7HfpdfUr5qLXf3B/t8dPvcjhKMmlfnP47EzQ==

pcap-ng-parser@^1.0.0:
  version "1.0.0"
  resolved "https://registry.yarnpkg.com/pcap-ng-parser/-/pcap-ng-parser-1.0.0.tgz#1be8f260bbccad7779f6cb0cacb48ce5e9d17fd1"
  integrity sha512-ySJiSEHAaFZXkwTVj2vSTFQSfwAqg9+uiCdasz2UbIaJRH9xq/MRJwzvWWZxH0ByxJhNB8wDRdrSWrKgfI7Dwg==
  dependencies:
    ether-frame "^0.2.0"

pcap@^3.1.0:
  version "3.1.0"
  resolved "https://registry.yarnpkg.com/pcap/-/pcap-3.1.0.tgz#da89ba48c936e0cd7e4613626b745b1e157052fb"
  integrity sha512-bTmjruLZBmmlAc+wougRbKVzspUA4bqi505v70W/dQErmdiLs8n5pNc1Z41lj8TAkZG6GZD/1mMY0VC+uj/PBQ==
  dependencies:
    "@types/node" "^10.0.0"
    nan "^2.14.0"
